// !$*UTF8*$!
{
	archiveVersion = 1;
	classes = {
	};
	objectVersion = 50;
	objects = {

/* Begin PBXBuildFile section */
		81F41F5D24A30FE100AD8F99 /* AppDelegate.swift in Sources */ = {isa = PBXBuildFile; fileRef = 81F41F5C24A30FE100AD8F99 /* AppDelegate.swift */; };
		81F41F5F24A30FE100AD8F99 /* SceneDelegate.swift in Sources */ = {isa = PBXBuildFile; fileRef = 81F41F5E24A30FE100AD8F99 /* SceneDelegate.swift */; };
		81F41F6424A30FE100AD8F99 /* Main.storyboard in Resources */ = {isa = PBXBuildFile; fileRef = 81F41F6224A30FE100AD8F99 /* Main.storyboard */; };
		81F41F6624A30FE300AD8F99 /* Assets.xcassets in Resources */ = {isa = PBXBuildFile; fileRef = 81F41F6524A30FE300AD8F99 /* Assets.xcassets */; };
		81F41F6924A30FE300AD8F99 /* LaunchScreen.storyboard in Resources */ = {isa = PBXBuildFile; fileRef = 81F41F6724A30FE300AD8F99 /* LaunchScreen.storyboard */; };
		81F41F7324A319FB00AD8F99 /* ExchangeViewController.swift in Sources */ = {isa = PBXBuildFile; fileRef = 81F41F7224A319FB00AD8F99 /* ExchangeViewController.swift */; };
		81F41F7524A31A1500AD8F99 /* TranslateViewController.swift in Sources */ = {isa = PBXBuildFile; fileRef = 81F41F7424A31A1500AD8F99 /* TranslateViewController.swift */; };
		81F41F7924A3E2E500AD8F99 /* WeatherViewController.swift in Sources */ = {isa = PBXBuildFile; fileRef = 81F41F7024A319DE00AD8F99 /* WeatherViewController.swift */; };
		81F41F7B24A3E3CF00AD8F99 /* WeatherMoscowViewController.swift in Sources */ = {isa = PBXBuildFile; fileRef = 81F41F7A24A3E3CF00AD8F99 /* WeatherMoscowViewController.swift */; };
		81F41F7D24A3E65200AD8F99 /* Services.swift in Sources */ = {isa = PBXBuildFile; fileRef = 81F41F7C24A3E65200AD8F99 /* Services.swift */; };
		81F41F7F24A3E65B00AD8F99 /* NetworkCall.swift in Sources */ = {isa = PBXBuildFile; fileRef = 81F41F7E24A3E65B00AD8F99 /* NetworkCall.swift */; };
		81F41F8224A3E6A700AD8F99 /* Currency.swift in Sources */ = {isa = PBXBuildFile; fileRef = 81F41F8124A3E6A700AD8F99 /* Currency.swift */; };
		81F41F8424A3E74600AD8F99 /* WeatherData.swift in Sources */ = {isa = PBXBuildFile; fileRef = 81F41F8324A3E74600AD8F99 /* WeatherData.swift */; };
		81F41F8624A3E77800AD8F99 /* TranslationData.swift in Sources */ = {isa = PBXBuildFile; fileRef = 81F41F8524A3E77800AD8F99 /* TranslationData.swift */; };
		81F41F8824A4CAAF00AD8F99 /* UIView.swift in Sources */ = {isa = PBXBuildFile; fileRef = 81F41F8724A4CAAF00AD8F99 /* UIView.swift */; };
		81F41F8A24A4E8A400AD8F99 /* WeatherJSON.swift in Sources */ = {isa = PBXBuildFile; fileRef = 81F41F8924A4E8A400AD8F99 /* WeatherJSON.swift */; };
		81F41F8C24A532A000AD8F99 /* Logger.swift in Sources */ = {isa = PBXBuildFile; fileRef = 81F41F8B24A532A000AD8F99 /* Logger.swift */; };
/* End PBXBuildFile section */

/* Begin PBXFileReference section */
		81F41F5924A30FE100AD8F99 /* Le_Baluchon OC.app */ = {isa = PBXFileReference; explicitFileType = wrapper.application; includeInIndex = 0; path = "Le_Baluchon OC.app"; sourceTree = BUILT_PRODUCTS_DIR; };
		81F41F5C24A30FE100AD8F99 /* AppDelegate.swift */ = {isa = PBXFileReference; lastKnownFileType = sourcecode.swift; path = AppDelegate.swift; sourceTree = "<group>"; };
		81F41F5E24A30FE100AD8F99 /* SceneDelegate.swift */ = {isa = PBXFileReference; lastKnownFileType = sourcecode.swift; path = SceneDelegate.swift; sourceTree = "<group>"; };
		81F41F6324A30FE100AD8F99 /* Base */ = {isa = PBXFileReference; lastKnownFileType = file.storyboard; name = Base; path = Base.lproj/Main.storyboard; sourceTree = "<group>"; };
		81F41F6524A30FE300AD8F99 /* Assets.xcassets */ = {isa = PBXFileReference; lastKnownFileType = folder.assetcatalog; path = Assets.xcassets; sourceTree = "<group>"; };
		81F41F6824A30FE300AD8F99 /* Base */ = {isa = PBXFileReference; lastKnownFileType = file.storyboard; name = Base; path = Base.lproj/LaunchScreen.storyboard; sourceTree = "<group>"; };
		81F41F6A24A30FE300AD8F99 /* Info.plist */ = {isa = PBXFileReference; lastKnownFileType = text.plist.xml; path = Info.plist; sourceTree = "<group>"; };
		81F41F7024A319DE00AD8F99 /* WeatherViewController.swift */ = {isa = PBXFileReference; lastKnownFileType = sourcecode.swift; path = WeatherViewController.swift; sourceTree = "<group>"; };
		81F41F7224A319FB00AD8F99 /* ExchangeViewController.swift */ = {isa = PBXFileReference; lastKnownFileType = sourcecode.swift; path = ExchangeViewController.swift; sourceTree = "<group>"; };
		81F41F7424A31A1500AD8F99 /* TranslateViewController.swift */ = {isa = PBXFileReference; lastKnownFileType = sourcecode.swift; path = TranslateViewController.swift; sourceTree = "<group>"; };
		81F41F7A24A3E3CF00AD8F99 /* WeatherMoscowViewController.swift */ = {isa = PBXFileReference; lastKnownFileType = sourcecode.swift; path = WeatherMoscowViewController.swift; sourceTree = "<group>"; };
		81F41F7C24A3E65200AD8F99 /* Services.swift */ = {isa = PBXFileReference; fileEncoding = 4; lastKnownFileType = sourcecode.swift; path = Services.swift; sourceTree = "<group>"; };
		81F41F7E24A3E65B00AD8F99 /* NetworkCall.swift */ = {isa = PBXFileReference; fileEncoding = 4; lastKnownFileType = sourcecode.swift; path = NetworkCall.swift; sourceTree = "<group>"; };
		81F41F8124A3E6A700AD8F99 /* Currency.swift */ = {isa = PBXFileReference; fileEncoding = 4; lastKnownFileType = sourcecode.swift; path = Currency.swift; sourceTree = "<group>"; };
		81F41F8324A3E74600AD8F99 /* WeatherData.swift */ = {isa = PBXFileReference; fileEncoding = 4; lastKnownFileType = sourcecode.swift; path = WeatherData.swift; sourceTree = "<group>"; };
		81F41F8524A3E77800AD8F99 /* TranslationData.swift */ = {isa = PBXFileReference; fileEncoding = 4; lastKnownFileType = sourcecode.swift; path = TranslationData.swift; sourceTree = "<group>"; };
		81F41F8724A4CAAF00AD8F99 /* UIView.swift */ = {isa = PBXFileReference; fileEncoding = 4; lastKnownFileType = sourcecode.swift; path = UIView.swift; sourceTree = "<group>"; };
		81F41F8924A4E8A400AD8F99 /* WeatherJSON.swift */ = {isa = PBXFileReference; lastKnownFileType = sourcecode.swift; path = WeatherJSON.swift; sourceTree = "<group>"; };
		81F41F8B24A532A000AD8F99 /* Logger.swift */ = {isa = PBXFileReference; fileEncoding = 4; lastKnownFileType = sourcecode.swift; path = Logger.swift; sourceTree = "<group>"; };
/* End PBXFileReference section */

/* Begin PBXFrameworksBuildPhase section */
		81F41F5624A30FE100AD8F99 /* Frameworks */ = {
			isa = PBXFrameworksBuildPhase;
			buildActionMask = 2147483647;
			files = (
			);
			runOnlyForDeploymentPostprocessing = 0;
		};
/* End PBXFrameworksBuildPhase section */

/* Begin PBXGroup section */
		81F41F5024A30FE100AD8F99 = {
			isa = PBXGroup;
			children = (
				81F41F5B24A30FE100AD8F99 /* Le_Baluchon OC */,
				81F41F5A24A30FE100AD8F99 /* Products */,
			);
			sourceTree = "<group>";
		};
		81F41F5A24A30FE100AD8F99 /* Products */ = {
			isa = PBXGroup;
			children = (
				81F41F5924A30FE100AD8F99 /* Le_Baluchon OC.app */,
			);
			name = Products;
			sourceTree = "<group>";
		};
		81F41F5B24A30FE100AD8F99 /* Le_Baluchon OC */ = {
			isa = PBXGroup;
			children = (
				81F41F7824A31B4700AD8F99 /* Model */,
				81F41F7724A31ABB00AD8F99 /* View */,
				81F41F7624A31A9800AD8F99 /* Controller */,
				81F41F8024A3E67800AD8F99 /* Extention */,
				81F41F5C24A30FE100AD8F99 /* AppDelegate.swift */,
				81F41F5E24A30FE100AD8F99 /* SceneDelegate.swift */,
				81F41F6A24A30FE300AD8F99 /* Info.plist */,
			);
			path = "Le_Baluchon OC";
			sourceTree = "<group>";
		};
		81F41F7624A31A9800AD8F99 /* Controller */ = {
			isa = PBXGroup;
			children = (
				81F41F7424A31A1500AD8F99 /* TranslateViewController.swift */,
				81F41F7224A319FB00AD8F99 /* ExchangeViewController.swift */,
				81F41F7024A319DE00AD8F99 /* WeatherViewController.swift */,
				81F41F7A24A3E3CF00AD8F99 /* WeatherMoscowViewController.swift */,
			);
			path = Controller;
			sourceTree = "<group>";
		};
		81F41F7724A31ABB00AD8F99 /* View */ = {
			isa = PBXGroup;
			children = (
				81F41F6224A30FE100AD8F99 /* Main.storyboard */,
				81F41F6724A30FE300AD8F99 /* LaunchScreen.storyboard */,
				81F41F6524A30FE300AD8F99 /* Assets.xcassets */,
			);
			path = View;
			sourceTree = "<group>";
		};
		81F41F7824A31B4700AD8F99 /* Model */ = {
			isa = PBXGroup;
			children = (
				81F41F7E24A3E65B00AD8F99 /* NetworkCall.swift */,
				81F41F7C24A3E65200AD8F99 /* Services.swift */,
			);
			path = Model;
			sourceTree = "<group>";
		};
		81F41F8024A3E67800AD8F99 /* Extention */ = {
			isa = PBXGroup;
			children = (
				81F41F8524A3E77800AD8F99 /* TranslationData.swift */,
				81F41F8324A3E74600AD8F99 /* WeatherData.swift */,
				81F41F8924A4E8A400AD8F99 /* WeatherJSON.swift */,
				81F41F8124A3E6A700AD8F99 /* Currency.swift */,
				81F41F8724A4CAAF00AD8F99 /* UIView.swift */,
				81F41F8B24A532A000AD8F99 /* Logger.swift */,
			);
			path = Extention;
			sourceTree = "<group>";
		};
/* End PBXGroup section */

/* Begin PBXNativeTarget section */
		81F41F5824A30FE100AD8F99 /* Le_Baluchon OC */ = {
			isa = PBXNativeTarget;
			buildConfigurationList = 81F41F6D24A30FE300AD8F99 /* Build configuration list for PBXNativeTarget "Le_Baluchon OC" */;
			buildPhases = (
				81F41F5524A30FE100AD8F99 /* Sources */,
				81F41F5624A30FE100AD8F99 /* Frameworks */,
				81F41F5724A30FE100AD8F99 /* Resources */,
			);
			buildRules = (
			);
			dependencies = (
			);
			name = "Le_Baluchon OC";
			productName = "Le_Baluchon OC";
			productReference = 81F41F5924A30FE100AD8F99 /* Le_Baluchon OC.app */;
			productType = "com.apple.product-type.application";
		};
/* End PBXNativeTarget section */

/* Begin PBXProject section */
		81F41F5124A30FE100AD8F99 /* Project object */ = {
			isa = PBXProject;
			attributes = {
				LastSwiftUpdateCheck = 1150;
				LastUpgradeCheck = 1150;
				ORGANIZATIONNAME = "rochdi ben abdeljelil";
				TargetAttributes = {
					81F41F5824A30FE100AD8F99 = {
						CreatedOnToolsVersion = 11.5;
					};
				};
			};
			buildConfigurationList = 81F41F5424A30FE100AD8F99 /* Build configuration list for PBXProject "Le_Baluchon OC" */;
			compatibilityVersion = "Xcode 9.3";
			developmentRegion = en;
			hasScannedForEncodings = 0;
			knownRegions = (
				en,
				Base,
			);
			mainGroup = 81F41F5024A30FE100AD8F99;
			productRefGroup = 81F41F5A24A30FE100AD8F99 /* Products */;
			projectDirPath = "";
			projectRoot = "";
			targets = (
				81F41F5824A30FE100AD8F99 /* Le_Baluchon OC */,
			);
		};
/* End PBXProject section */

/* Begin PBXResourcesBuildPhase section */
		81F41F5724A30FE100AD8F99 /* Resources */ = {
			isa = PBXResourcesBuildPhase;
			buildActionMask = 2147483647;
			files = (
				81F41F6924A30FE300AD8F99 /* LaunchScreen.storyboard in Resources */,
				81F41F6624A30FE300AD8F99 /* Assets.xcassets in Resources */,
				81F41F6424A30FE100AD8F99 /* Main.storyboard in Resources */,
			);
			runOnlyForDeploymentPostprocessing = 0;
		};
/* End PBXResourcesBuildPhase section */

/* Begin PBXSourcesBuildPhase section */
		81F41F5524A30FE100AD8F99 /* Sources */ = {
			isa = PBXSourcesBuildPhase;
			buildActionMask = 2147483647;
			files = (
				81F41F8224A3E6A700AD8F99 /* Currency.swift in Sources */,
				81F41F8A24A4E8A400AD8F99 /* WeatherJSON.swift in Sources */,
				81F41F7324A319FB00AD8F99 /* ExchangeViewController.swift in Sources */,
				81F41F7B24A3E3CF00AD8F99 /* WeatherMoscowViewController.swift in Sources */,
				81F41F8624A3E77800AD8F99 /* TranslationData.swift in Sources */,
				81F41F8824A4CAAF00AD8F99 /* UIView.swift in Sources */,
				81F41F7F24A3E65B00AD8F99 /* NetworkCall.swift in Sources */,
				81F41F7924A3E2E500AD8F99 /* WeatherViewController.swift in Sources */,
				81F41F7D24A3E65200AD8F99 /* Services.swift in Sources */,
				81F41F8424A3E74600AD8F99 /* WeatherData.swift in Sources */,
				81F41F5D24A30FE100AD8F99 /* AppDelegate.swift in Sources */,
				81F41F8C24A532A000AD8F99 /* Logger.swift in Sources */,
				81F41F5F24A30FE100AD8F99 /* SceneDelegate.swift in Sources */,
				81F41F7524A31A1500AD8F99 /* TranslateViewController.swift in Sources */,
			);
			runOnlyForDeploymentPostprocessing = 0;
		};
/* End PBXSourcesBuildPhase section */

/* Begin PBXVariantGroup section */
		81F41F6224A30FE100AD8F99 /* Main.storyboard */ = {
			isa = PBXVariantGroup;
			children = (
				81F41F6324A30FE100AD8F99 /* Base */,
			);
			name = Main.storyboard;
			sourceTree = "<group>";
		};
		81F41F6724A30FE300AD8F99 /* LaunchScreen.storyboard */ = {
			isa = PBXVariantGroup;
			children = (
				81F41F6824A30FE300AD8F99 /* Base */,
			);
			name = LaunchScreen.storyboard;
			sourceTree = "<group>";
		};
/* End PBXVariantGroup section */

/* Begin XCBuildConfiguration section */
		81F41F6B24A30FE300AD8F99 /* Debug */ = {
			isa = XCBuildConfiguration;
			buildSettings = {
				ALWAYS_SEARCH_USER_PATHS = NO;
				CLANG_ANALYZER_NONNULL = YES;
				CLANG_ANALYZER_NUMBER_OBJECT_CONVERSION = YES_AGGRESSIVE;
				CLANG_CXX_LANGUAGE_STANDARD = "gnu++14";
				CLANG_CXX_LIBRARY = "libc++";
				CLANG_ENABLE_MODULES = YES;
				CLANG_ENABLE_OBJC_ARC = YES;
				CLANG_ENABLE_OBJC_WEAK = YES;
				CLANG_WARN_BLOCK_CAPTURE_AUTORELEASING = YES;
				CLANG_WARN_BOOL_CONVERSION = YES;
				CLANG_WARN_COMMA = YES;
				CLANG_WARN_CONSTANT_CONVERSION = YES;
				CLANG_WARN_DEPRECATED_OBJC_IMPLEMENTATIONS = YES;
				CLANG_WARN_DIRECT_OBJC_ISA_USAGE = YES_ERROR;
				CLANG_WARN_DOCUMENTATION_COMMENTS = YES;
				CLANG_WARN_EMPTY_BODY = YES;
				CLANG_WARN_ENUM_CONVERSION = YES;
				CLANG_WARN_INFINITE_RECURSION = YES;
				CLANG_WARN_INT_CONVERSION = YES;
				CLANG_WARN_NON_LITERAL_NULL_CONVERSION = YES;
				CLANG_WARN_OBJC_IMPLICIT_RETAIN_SELF = YES;
				CLANG_WARN_OBJC_LITERAL_CONVERSION = YES;
				CLANG_WARN_OBJC_ROOT_CLASS = YES_ERROR;
				CLANG_WARN_RANGE_LOOP_ANALYSIS = YES;
				CLANG_WARN_STRICT_PROTOTYPES = YES;
				CLANG_WARN_SUSPICIOUS_MOVE = YES;
				CLANG_WARN_UNGUARDED_AVAILABILITY = YES_AGGRESSIVE;
				CLANG_WARN_UNREACHABLE_CODE = YES;
				CLANG_WARN__DUPLICATE_METHOD_MATCH = YES;
				COPY_PHASE_STRIP = NO;
				DEBUG_INFORMATION_FORMAT = dwarf;
				ENABLE_STRICT_OBJC_MSGSEND = YES;
				ENABLE_TESTABILITY = YES;
				GCC_C_LANGUAGE_STANDARD = gnu11;
				GCC_DYNAMIC_NO_PIC = NO;
				GCC_NO_COMMON_BLOCKS = YES;
				GCC_OPTIMIZATION_LEVEL = 0;
				GCC_PREPROCESSOR_DEFINITIONS = (
					"DEBUG=1",
					"$(inherited)",
				);
				GCC_WARN_64_TO_32_BIT_CONVERSION = YES;
				GCC_WARN_ABOUT_RETURN_TYPE = YES_ERROR;
				GCC_WARN_UNDECLARED_SELECTOR = YES;
				GCC_WARN_UNINITIALIZED_AUTOS = YES_AGGRESSIVE;
				GCC_WARN_UNUSED_FUNCTION = YES;
				GCC_WARN_UNUSED_VARIABLE = YES;
				IPHONEOS_DEPLOYMENT_TARGET = 11.0;
				MTL_ENABLE_DEBUG_INFO = INCLUDE_SOURCE;
				MTL_FAST_MATH = YES;
				ONLY_ACTIVE_ARCH = YES;
				SDKROOT = iphoneos;
				SWIFT_ACTIVE_COMPILATION_CONDITIONS = DEBUG;
				SWIFT_OPTIMIZATION_LEVEL = "-Onone";
			};
			name = Debug;
		};
		81F41F6C24A30FE300AD8F99 /* Release */ = {
			isa = XCBuildConfiguration;
			buildSettings = {
				ALWAYS_SEARCH_USER_PATHS = NO;
				CLANG_ANALYZER_NONNULL = YES;
				CLANG_ANALYZER_NUMBER_OBJECT_CONVERSION = YES_AGGRESSIVE;
				CLANG_CXX_LANGUAGE_STANDARD = "gnu++14";
				CLANG_CXX_LIBRARY = "libc++";
				CLANG_ENABLE_MODULES = YES;
				CLANG_ENABLE_OBJC_ARC = YES;
				CLANG_ENABLE_OBJC_WEAK = YES;
				CLANG_WARN_BLOCK_CAPTURE_AUTORELEASING = YES;
				CLANG_WARN_BOOL_CONVERSION = YES;
				CLANG_WARN_COMMA = YES;
				CLANG_WARN_CONSTANT_CONVERSION = YES;
				CLANG_WARN_DEPRECATED_OBJC_IMPLEMENTATIONS = YES;
				CLANG_WARN_DIRECT_OBJC_ISA_USAGE = YES_ERROR;
				CLANG_WARN_DOCUMENTATION_COMMENTS = YES;
				CLANG_WARN_EMPTY_BODY = YES;
				CLANG_WARN_ENUM_CONVERSION = YES;
				CLANG_WARN_INFINITE_RECURSION = YES;
				CLANG_WARN_INT_CONVERSION = YES;
				CLANG_WARN_NON_LITERAL_NULL_CONVERSION = YES;
				CLANG_WARN_OBJC_IMPLICIT_RETAIN_SELF = YES;
				CLANG_WARN_OBJC_LITERAL_CONVERSION = YES;
				CLANG_WARN_OBJC_ROOT_CLASS = YES_ERROR;
				CLANG_WARN_RANGE_LOOP_ANALYSIS = YES;
				CLANG_WARN_STRICT_PROTOTYPES = YES;
				CLANG_WARN_SUSPICIOUS_MOVE = YES;
				CLANG_WARN_UNGUARDED_AVAILABILITY = YES_AGGRESSIVE;
				CLANG_WARN_UNREACHABLE_CODE = YES;
				CLANG_WARN__DUPLICATE_METHOD_MATCH = YES;
				COPY_PHASE_STRIP = NO;
				DEBUG_INFORMATION_FORMAT = "dwarf-with-dsym";
				ENABLE_NS_ASSERTIONS = NO;
				ENABLE_STRICT_OBJC_MSGSEND = YES;
				GCC_C_LANGUAGE_STANDARD = gnu11;
				GCC_NO_COMMON_BLOCKS = YES;
				GCC_WARN_64_TO_32_BIT_CONVERSION = YES;
				GCC_WARN_ABOUT_RETURN_TYPE = YES_ERROR;
				GCC_WARN_UNDECLARED_SELECTOR = YES;
				GCC_WARN_UNINITIALIZED_AUTOS = YES_AGGRESSIVE;
				GCC_WARN_UNUSED_FUNCTION = YES;
				GCC_WARN_UNUSED_VARIABLE = YES;
				IPHONEOS_DEPLOYMENT_TARGET = 11.0;
				MTL_ENABLE_DEBUG_INFO = NO;
				MTL_FAST_MATH = YES;
				SDKROOT = iphoneos;
				SWIFT_COMPILATION_MODE = wholemodule;
				SWIFT_OPTIMIZATION_LEVEL = "-O";
				VALIDATE_PRODUCT = YES;
			};
			name = Release;
		};
		81F41F6E24A30FE300AD8F99 /* Debug */ = {
			isa = XCBuildConfiguration;
			buildSettings = {
				ASSETCATALOG_COMPILER_APPICON_NAME = AppIcon;
				CODE_SIGN_STYLE = Automatic;
				DEVELOPMENT_TEAM = T38SSUR7P9;
				INFOPLIST_FILE = "Le_Baluchon OC/Info.plist";
				LD_RUNPATH_SEARCH_PATHS = (
					"$(inherited)",
					"@executable_path/Frameworks",
				);
				PRODUCT_BUNDLE_IDENTIFIER = "com.rochdi.Le-Baluchon-OC";
				PRODUCT_NAME = "$(TARGET_NAME)";
				SWIFT_VERSION = 5.0;
				TARGETED_DEVICE_FAMILY = "1,2";
			};
			name = Debug;
		};
		81F41F6F24A30FE300AD8F99 /* Release */ = {
			isa = XCBuildConfiguration;
			buildSettings = {
				ASSETCATALOG_COMPILER_APPICON_NAME = AppIcon;
				CODE_SIGN_STYLE = Automatic;
				DEVELOPMENT_TEAM = T38SSUR7P9;
				INFOPLIST_FILE = "Le_Baluchon OC/Info.plist";
				LD_RUNPATH_SEARCH_PATHS = (
					"$(inherited)",
					"@executable_path/Frameworks",
				);
				PRODUCT_BUNDLE_IDENTIFIER = "com.rochdi.Le-Baluchon-OC";
				PRODUCT_NAME = "$(TARGET_NAME)";
				SWIFT_VERSION = 5.0;
				TARGETED_DEVICE_FAMILY = "1,2";
			};
			name = Release;
		};
/* End XCBuildConfiguration section */

/* Begin XCConfigurationList section */
		81F41F5424A30FE100AD8F99 /* Build configuration list for PBXProject "Le_Baluchon OC" */ = {
			isa = XCConfigurationList;
			buildConfigurations = (
				81F41F6B24A30FE300AD8F99 /* Debug */,
				81F41F6C24A30FE300AD8F99 /* Release */,
			);
			defaultConfigurationIsVisible = 0;
			defaultConfigurationName = Release;
		};
		81F41F6D24A30FE300AD8F99 /* Build configuration list for PBXNativeTarget "Le_Baluchon OC" */ = {
			isa = XCConfigurationList;
			buildConfigurations = (
				81F41F6E24A30FE300AD8F99 /* Debug */,
				81F41F6F24A30FE300AD8F99 /* Release */,
			);
			defaultConfigurationIsVisible = 0;
			defaultConfigurationName = Release;
		};
/* End XCConfigurationList section */
	};
	rootObject = 81F41F5124A30FE100AD8F99 /* Project object */;
}
